// !$*UTF8*$!
{
	archiveVersion = 1;
	classes = {
	};
	objectVersion = 50;
	objects = {

/* Begin PBXBuildFile section */
		1ED13B96240FE3340007730C /* AppDelegate.m in Sources */ = {isa = PBXBuildFile; fileRef = 1ED13B95240FE3340007730C /* AppDelegate.m */; };
		1ED13B98240FE3350007730C /* Assets.xcassets in Resources */ = {isa = PBXBuildFile; fileRef = 1ED13B97240FE3350007730C /* Assets.xcassets */; };
		1ED13B9B240FE3350007730C /* MainMenu.xib in Resources */ = {isa = PBXBuildFile; fileRef = 1ED13B99240FE3350007730C /* MainMenu.xib */; };
		1ED13B9E240FE3350007730C /* main.m in Sources */ = {isa = PBXBuildFile; fileRef = 1ED13B9D240FE3350007730C /* main.m */; };
		1ED13BA7240FE43B0007730C /* IpCutter.m in Sources */ = {isa = PBXBuildFile; fileRef = 1ED13BA6240FE43B0007730C /* IpCutter.m */; };
/* End PBXBuildFile section */

/* Begin PBXFileReference section */
		1ED13B91240FE3340007730C /* IpCutter.app */ = {isa = PBXFileReference; explicitFileType = wrapper.application; includeInIndex = 0; path = IpCutter.app; sourceTree = BUILT_PRODUCTS_DIR; };
		1ED13B94240FE3340007730C /* AppDelegate.h */ = {isa = PBXFileReference; lastKnownFileType = sourcecode.c.h; path = AppDelegate.h; sourceTree = "<group>"; };
		1ED13B95240FE3340007730C /* AppDelegate.m */ = {isa = PBXFileReference; lastKnownFileType = sourcecode.c.objc; path = AppDelegate.m; sourceTree = "<group>"; };
		1ED13B97240FE3350007730C /* Assets.xcassets */ = {isa = PBXFileReference; lastKnownFileType = folder.assetcatalog; path = Assets.xcassets; sourceTree = "<group>"; };
		1ED13B9A240FE3350007730C /* Base */ = {isa = PBXFileReference; lastKnownFileType = file.xib; name = Base; path = Base.lproj/MainMenu.xib; sourceTree = "<group>"; };
		1ED13B9C240FE3350007730C /* Info.plist */ = {isa = PBXFileReference; lastKnownFileType = text.plist.xml; path = Info.plist; sourceTree = "<group>"; };
		1ED13B9D240FE3350007730C /* main.m */ = {isa = PBXFileReference; lastKnownFileType = sourcecode.c.objc; path = main.m; sourceTree = "<group>"; };
		1ED13B9F240FE3350007730C /* IpCutter.entitlements */ = {isa = PBXFileReference; lastKnownFileType = text.plist.entitlements; path = IpCutter.entitlements; sourceTree = "<group>"; };
		1ED13BA5240FE43B0007730C /* IpCutter.h */ = {isa = PBXFileReference; lastKnownFileType = sourcecode.c.h; path = IpCutter.h; sourceTree = "<group>"; };
		1ED13BA6240FE43B0007730C /* IpCutter.m */ = {isa = PBXFileReference; lastKnownFileType = sourcecode.c.objc; path = IpCutter.m; sourceTree = "<group>"; };
/* End PBXFileReference section */

/* Begin PBXFrameworksBuildPhase section */
		1ED13B8E240FE3340007730C /* Frameworks */ = {
			isa = PBXFrameworksBuildPhase;
			buildActionMask = 2147483647;
			files = (
			);
			runOnlyForDeploymentPostprocessing = 0;
		};
/* End PBXFrameworksBuildPhase section */

/* Begin PBXGroup section */
		1ED13B88240FE3340007730C = {
			isa = PBXGroup;
			children = (
				1ED13B93240FE3340007730C /* IpCutter */,
				1ED13B92240FE3340007730C /* Products */,
			);
			sourceTree = "<group>";
		};
		1ED13B92240FE3340007730C /* Products */ = {
			isa = PBXGroup;
			children = (
				1ED13B91240FE3340007730C /* IpCutter.app */,
			);
			name = Products;
			sourceTree = "<group>";
		};
		1ED13B93240FE3340007730C /* IpCutter */ = {
			isa = PBXGroup;
			children = (
				1ED13B94240FE3340007730C /* AppDelegate.h */,
				1ED13B95240FE3340007730C /* AppDelegate.m */,
				1ED13B97240FE3350007730C /* Assets.xcassets */,
				1ED13B99240FE3350007730C /* MainMenu.xib */,
				1ED13B9C240FE3350007730C /* Info.plist */,
				1ED13B9D240FE3350007730C /* main.m */,
				1ED13B9F240FE3350007730C /* IpCutter.entitlements */,
				1ED13BA5240FE43B0007730C /* IpCutter.h */,
				1ED13BA6240FE43B0007730C /* IpCutter.m */,
			);
			path = IpCutter;
			sourceTree = "<group>";
		};
/* End PBXGroup section */

/* Begin PBXNativeTarget section */
		1ED13B90240FE3340007730C /* IpCutter */ = {
			isa = PBXNativeTarget;
			buildConfigurationList = 1ED13BA2240FE3350007730C /* Build configuration list for PBXNativeTarget "IpCutter" */;
			buildPhases = (
				1ED13B8D240FE3340007730C /* Sources */,
				1ED13B8E240FE3340007730C /* Frameworks */,
				1ED13B8F240FE3340007730C /* Resources */,
			);
			buildRules = (
			);
			dependencies = (
			);
			name = IpCutter;
			productName = IpCutter;
			productReference = 1ED13B91240FE3340007730C /* IpCutter.app */;
			productType = "com.apple.product-type.application";
		};
/* End PBXNativeTarget section */

/* Begin PBXProject section */
		1ED13B89240FE3340007730C /* Project object */ = {
			isa = PBXProject;
			attributes = {
				LastUpgradeCheck = 1130;
				ORGANIZATIONNAME = ITI;
				TargetAttributes = {
					1ED13B90240FE3340007730C = {
						CreatedOnToolsVersion = 11.3.1;
					};
				};
			};
			buildConfigurationList = 1ED13B8C240FE3340007730C /* Build configuration list for PBXProject "IpCutter" */;
			compatibilityVersion = "Xcode 9.3";
			developmentRegion = en;
			hasScannedForEncodings = 0;
			knownRegions = (
				en,
				Base,
			);
			mainGroup = 1ED13B88240FE3340007730C;
			productRefGroup = 1ED13B92240FE3340007730C /* Products */;
			projectDirPath = "";
			projectRoot = "";
			targets = (
				1ED13B90240FE3340007730C /* IpCutter */,
			);
		};
/* End PBXProject section */

/* Begin PBXResourcesBuildPhase section */
		1ED13B8F240FE3340007730C /* Resources */ = {
			isa = PBXResourcesBuildPhase;
			buildActionMask = 2147483647;
			files = (
				1ED13B98240FE3350007730C /* Assets.xcassets in Resources */,
				1ED13B9B240FE3350007730C /* MainMenu.xib in Resources */,
			);
			runOnlyForDeploymentPostprocessing = 0;
		};
/* End PBXResourcesBuildPhase section */

/* Begin PBXSourcesBuildPhase section */
		1ED13B8D240FE3340007730C /* Sources */ = {
			isa = PBXSourcesBuildPhase;
			buildActionMask = 2147483647;
			files = (
				1ED13B9E240FE3350007730C /* main.m in Sources */,
				1ED13B96240FE3340007730C /* AppDelegate.m in Sources */,
				1ED13BA7240FE43B0007730C /* IpCutter.m in Sources */,
			);
			runOnlyForDeploymentPostprocessing = 0;
		};
/* End PBXSourcesBuildPhase section */

/* Begin PBXVariantGroup section */
		1ED13B99240FE3350007730C /* MainMenu.xib */ = {
			isa = PBXVariantGroup;
			children = (
				1ED13B9A240FE3350007730C /* Base */,
			);
			name = MainMenu.xib;
			sourceTree = "<group>";
		};
/* End PBXVariantGroup section */

/* Begin XCBuildConfiguration section */
		1ED13BA0240FE3350007730C /* Debug */ = {
			isa = XCBuildConfiguration;
			buildSettings = {
				ALWAYS_SEARCH_USER_PATHS = NO;
				CLANG_ANALYZER_NONNULL = YES;
				CLANG_ANALYZER_NUMBER_OBJECT_CONVERSION = YES_AGGRESSIVE;
				CLANG_CXX_LANGUAGE_STANDARD = "gnu++14";
				CLANG_CXX_LIBRARY = "libc++";
				CLANG_ENABLE_MODULES = YES;
				CLANG_ENABLE_OBJC_ARC = YES;
				CLANG_ENABLE_OBJC_WEAK = YES;
				CLANG_WARN_BLOCK_CAPTURE_AUTORELEASING = YES;
				CLANG_WARN_BOOL_CONVERSION = YES;
				CLANG_WARN_COMMA = YES;
				CLANG_WARN_CONSTANT_CONVERSION = YES;
				CLANG_WARN_DEPRECATED_OBJC_IMPLEMENTATIONS = YES;
				CLANG_WARN_DIRECT_OBJC_ISA_USAGE = YES_ERROR;
				CLANG_WARN_DOCUMENTATION_COMMENTS = YES;
				CLANG_WARN_EMPTY_BODY = YES;
				CLANG_WARN_ENUM_CONVERSION = YES;
				CLANG_WARN_INFINITE_RECURSION = YES;
				CLANG_WARN_INT_CONVERSION = YES;
				CLANG_WARN_NON_LITERAL_NULL_CONVERSION = YES;
				CLANG_WARN_OBJC_IMPLICIT_RETAIN_SELF = YES;
				CLANG_WARN_OBJC_LITERAL_CONVERSION = YES;
				CLANG_WARN_OBJC_ROOT_CLASS = YES_ERROR;
				CLANG_WARN_RANGE_LOOP_ANALYSIS = YES;
				CLANG_WARN_STRICT_PROTOTYPES = YES;
				CLANG_WARN_SUSPICIOUS_MOVE = YES;
				CLANG_WARN_UNGUARDED_AVAILABILITY = YES_AGGRESSIVE;
				CLANG_WARN_UNREACHABLE_CODE = YES;
				CLANG_WARN__DUPLICATE_METHOD_MATCH = YES;
				COPY_PHASE_STRIP = NO;
				DEBUG_INFORMATION_FORMAT = dwarf;
				ENABLE_STRICT_OBJC_MSGSEND = YES;
				ENABLE_TESTABILITY = YES;
				GCC_C_LANGUAGE_STANDARD = gnu11;
				GCC_DYNAMIC_NO_PIC = NO;
				GCC_NO_COMMON_BLOCKS = YES;
				GCC_OPTIMIZATION_LEVEL = 0;
				GCC_PREPROCESSOR_DEFINITIONS = (
					"DEBUG=1",
					"$(inherited)",
				);
				GCC_WARN_64_TO_32_BIT_CONVERSION = YES;
				GCC_WARN_ABOUT_RETURN_TYPE = YES_ERROR;
				GCC_WARN_UNDECLARED_SELECTOR = YES;
				GCC_WARN_UNINITIALIZED_AUTOS = YES_AGGRESSIVE;
				GCC_WARN_UNUSED_FUNCTION = YES;
				GCC_WARN_UNUSED_VARIABLE = YES;
				MACOSX_DEPLOYMENT_TARGET = 10.15;
				MTL_ENABLE_DEBUG_INFO = INCLUDE_SOURCE;
				MTL_FAST_MATH = YES;
				ONLY_ACTIVE_ARCH = YES;
				SDKROOT = macosx;
			};
			name = Debug;
		};
		1ED13BA1240FE3350007730C /* Release */ = {
			isa = XCBuildConfiguration;
			buildSettings = {
				ALWAYS_SEARCH_USER_PATHS = NO;
				CLANG_ANALYZER_NONNULL = YES;
				CLANG_ANALYZER_NUMBER_OBJECT_CONVERSION = YES_AGGRESSIVE;
				CLANG_CXX_LANGUAGE_STANDARD = "gnu++14";
				CLANG_CXX_LIBRARY = "libc++";
				CLANG_ENABLE_MODULES = YES;
				CLANG_ENABLE_OBJC_ARC = YES;
				CLANG_ENABLE_OBJC_WEAK = YES;
				CLANG_WARN_BLOCK_CAPTURE_AUTORELEASING = YES;
				CLANG_WARN_BOOL_CONVERSION = YES;
				CLANG_WARN_COMMA = YES;
				CLANG_WARN_CONSTANT_CONVERSION = YES;
				CLANG_WARN_DEPRECATED_OBJC_IMPLEMENTATIONS = YES;
				CLANG_WARN_DIRECT_OBJC_ISA_USAGE = YES_ERROR;
				CLANG_WARN_DOCUMENTATION_COMMENTS = YES;
				CLANG_WARN_EMPTY_BODY = YES;
				CLANG_WARN_ENUM_CONVERSION = YES;
				CLANG_WARN_INFINITE_RECURSION = YES;
				CLANG_WARN_INT_CONVERSION = YES;
				CLANG_WARN_NON_LITERAL_NULL_CONVERSION = YES;
				CLANG_WARN_OBJC_IMPLICIT_RETAIN_SELF = YES;
				CLANG_WARN_OBJC_LITERAL_CONVERSION = YES;
				CLANG_WARN_OBJC_ROOT_CLASS = YES_ERROR;
				CLANG_WARN_RANGE_LOOP_ANALYSIS = YES;
				CLANG_WARN_STRICT_PROTOTYPES = YES;
				CLANG_WARN_SUSPICIOUS_MOVE = YES;
				CLANG_WARN_UNGUARDED_AVAILABILITY = YES_AGGRESSIVE;
				CLANG_WARN_UNREACHABLE_CODE = YES;
				CLANG_WARN__DUPLICATE_METHOD_MATCH = YES;
				COPY_PHASE_STRIP = NO;
				DEBUG_INFORMATION_FORMAT = "dwarf-with-dsym";
				ENABLE_NS_ASSERTIONS = NO;
				ENABLE_STRICT_OBJC_MSGSEND = YES;
				GCC_C_LANGUAGE_STANDARD = gnu11;
				GCC_NO_COMMON_BLOCKS = YES;
				GCC_WARN_64_TO_32_BIT_CONVERSION = YES;
				GCC_WARN_ABOUT_RETURN_TYPE = YES_ERROR;
				GCC_WARN_UNDECLARED_SELECTOR = YES;
				GCC_WARN_UNINITIALIZED_AUTOS = YES_AGGRESSIVE;
				GCC_WARN_UNUSED_FUNCTION = YES;
				GCC_WARN_UNUSED_VARIABLE = YES;
				MACOSX_DEPLOYMENT_TARGET = 10.15;
				MTL_ENABLE_DEBUG_INFO = NO;
				MTL_FAST_MATH = YES;
				SDKROOT = macosx;
			};
			name = Release;
		};
		1ED13BA3240FE3350007730C /* Debug */ = {
			isa = XCBuildConfiguration;
			buildSettings = {
				ASSETCATALOG_COMPILER_APPICON_NAME = AppIcon;
				CODE_SIGN_ENTITLEMENTS = IpCutter/IpCutter.entitlements;
				CODE_SIGN_STYLE = Automatic;
				COMBINE_HIDPI_IMAGES = YES;
				INFOPLIST_FILE = IpCutter/Info.plist;
				LD_RUNPATH_SEARCH_PATHS = (
					"$(inherited)",
					"@executable_path/../Frameworks",
				);
				PRODUCT_BUNDLE_IDENTIFIER = JETS.IpCutter;
				PRODUCT_NAME = "$(TARGET_NAME)";
			};
			name = Debug;
		};
		1ED13BA4240FE3350007730C /* Release */ = {
			isa = XCBuildConfiguration;
			buildSettings = {
				ASSETCATALOG_COMPILER_APPICON_NAME = AppIcon;
				CODE_SIGN_ENTITLEMENTS = IpCutter/IpCutter.entitlements;
				CODE_SIGN_STYLE = Automatic;
				COMBINE_HIDPI_IMAGES = YES;
				INFOPLIST_FILE = IpCutter/Info.plist;
				LD_RUNPATH_SEARCH_PATHS = (
					"$(inherited)",
					"@executable_path/../Frameworks",
				);
				PRODUCT_BUNDLE_IDENTIFIER = JETS.IpCutter;
				PRODUCT_NAME = "$(TARGET_NAME)";
			};
			name = Release;
		};
/* End XCBuildConfiguration section */

/* Begin XCConfigurationList section */
		1ED13B8C240FE3340007730C /* Build configuration list for PBXProject "IpCutter" */ = {
			isa = XCConfigurationList;
			buildConfigurations = (
				1ED13BA0240FE3350007730C /* Debug */,
				1ED13BA1240FE3350007730C /* Release */,
			);
			defaultConfigurationIsVisible = 0;
			defaultConfigurationName = Release;
		};
		1ED13BA2240FE3350007730C /* Build configuration list for PBXNativeTarget "IpCutter" */ = {
			isa = XCConfigurationList;
			buildConfigurations = (
				1ED13BA3240FE3350007730C /* Debug */,
				1ED13BA4240FE3350007730C /* Release */,
			);
			defaultConfigurationIsVisible = 0;
			defaultConfigurationName = Release;
		};
/* End XCConfigurationList section */
	};
	rootObject = 1ED13B89240FE3340007730C /* Project object */;
}
