// !$*UTF8*$!
{
	archiveVersion = 1;
	classes = {
	};
	objectVersion = 50;
	objects = {

/* Begin PBXBuildFile section */
		1EBD3282241126540064DC51 /* Triangle.m in Sources */ = {isa = PBXBuildFile; fileRef = 1EBD3281241126540064DC51 /* Triangle.m */; };
		1ED13B75240FDF1A0007730C /* AppDelegate.m in Sources */ = {isa = PBXBuildFile; fileRef = 1ED13B74240FDF1A0007730C /* AppDelegate.m */; };
		1ED13B77240FDF1D0007730C /* Assets.xcassets in Resources */ = {isa = PBXBuildFile; fileRef = 1ED13B76240FDF1D0007730C /* Assets.xcassets */; };
		1ED13B7A240FDF1D0007730C /* MainMenu.xib in Resources */ = {isa = PBXBuildFile; fileRef = 1ED13B78240FDF1D0007730C /* MainMenu.xib */; };
		1ED13B7D240FDF1D0007730C /* main.m in Sources */ = {isa = PBXBuildFile; fileRef = 1ED13B7C240FDF1D0007730C /* main.m */; };
		1ED13B87240FE06F0007730C /* Rectangle.m in Sources */ = {isa = PBXBuildFile; fileRef = 1ED13B86240FE06F0007730C /* Rectangle.m */; };
/* End PBXBuildFile section */

/* Begin PBXFileReference section */
		1EBD3280241126540064DC51 /* Triangle.h */ = {isa = PBXFileReference; lastKnownFileType = sourcecode.c.h; path = Triangle.h; sourceTree = "<group>"; };
		1EBD3281241126540064DC51 /* Triangle.m */ = {isa = PBXFileReference; lastKnownFileType = sourcecode.c.objc; path = Triangle.m; sourceTree = "<group>"; };
		1ED13B70240FDF1A0007730C /* ProtocolLab.app */ = {isa = PBXFileReference; explicitFileType = wrapper.application; includeInIndex = 0; path = ProtocolLab.app; sourceTree = BUILT_PRODUCTS_DIR; };
		1ED13B73240FDF1A0007730C /* AppDelegate.h */ = {isa = PBXFileReference; lastKnownFileType = sourcecode.c.h; path = AppDelegate.h; sourceTree = "<group>"; };
		1ED13B74240FDF1A0007730C /* AppDelegate.m */ = {isa = PBXFileReference; lastKnownFileType = sourcecode.c.objc; path = AppDelegate.m; sourceTree = "<group>"; };
		1ED13B76240FDF1D0007730C /* Assets.xcassets */ = {isa = PBXFileReference; lastKnownFileType = folder.assetcatalog; path = Assets.xcassets; sourceTree = "<group>"; };
		1ED13B79240FDF1D0007730C /* Base */ = {isa = PBXFileReference; lastKnownFileType = file.xib; name = Base; path = Base.lproj/MainMenu.xib; sourceTree = "<group>"; };
		1ED13B7B240FDF1D0007730C /* Info.plist */ = {isa = PBXFileReference; lastKnownFileType = text.plist.xml; path = Info.plist; sourceTree = "<group>"; };
		1ED13B7C240FDF1D0007730C /* main.m */ = {isa = PBXFileReference; lastKnownFileType = sourcecode.c.objc; path = main.m; sourceTree = "<group>"; };
		1ED13B7E240FDF1D0007730C /* ProtocolLab.entitlements */ = {isa = PBXFileReference; lastKnownFileType = text.plist.entitlements; path = ProtocolLab.entitlements; sourceTree = "<group>"; };
		1ED13B84240FDF590007730C /* Shape.h */ = {isa = PBXFileReference; lastKnownFileType = sourcecode.c.h; path = Shape.h; sourceTree = "<group>"; };
		1ED13B85240FE06F0007730C /* Rectangle.h */ = {isa = PBXFileReference; lastKnownFileType = sourcecode.c.h; path = Rectangle.h; sourceTree = "<group>"; };
		1ED13B86240FE06F0007730C /* Rectangle.m */ = {isa = PBXFileReference; lastKnownFileType = sourcecode.c.objc; path = Rectangle.m; sourceTree = "<group>"; };
/* End PBXFileReference section */

/* Begin PBXFrameworksBuildPhase section */
		1ED13B6D240FDF1A0007730C /* Frameworks */ = {
			isa = PBXFrameworksBuildPhase;
			buildActionMask = 2147483647;
			files = (
			);
			runOnlyForDeploymentPostprocessing = 0;
		};
/* End PBXFrameworksBuildPhase section */

/* Begin PBXGroup section */
		1ED13B67240FDF1A0007730C = {
			isa = PBXGroup;
			children = (
				1ED13B72240FDF1A0007730C /* ProtocolLab */,
				1ED13B71240FDF1A0007730C /* Products */,
			);
			sourceTree = "<group>";
		};
		1ED13B71240FDF1A0007730C /* Products */ = {
			isa = PBXGroup;
			children = (
				1ED13B70240FDF1A0007730C /* ProtocolLab.app */,
			);
			name = Products;
			sourceTree = "<group>";
		};
		1ED13B72240FDF1A0007730C /* ProtocolLab */ = {
			isa = PBXGroup;
			children = (
				1ED13B73240FDF1A0007730C /* AppDelegate.h */,
				1ED13B74240FDF1A0007730C /* AppDelegate.m */,
				1ED13B76240FDF1D0007730C /* Assets.xcassets */,
				1ED13B78240FDF1D0007730C /* MainMenu.xib */,
				1ED13B7B240FDF1D0007730C /* Info.plist */,
				1ED13B7C240FDF1D0007730C /* main.m */,
				1ED13B7E240FDF1D0007730C /* ProtocolLab.entitlements */,
				1ED13B84240FDF590007730C /* Shape.h */,
				1ED13B85240FE06F0007730C /* Rectangle.h */,
				1ED13B86240FE06F0007730C /* Rectangle.m */,
				1EBD3280241126540064DC51 /* Triangle.h */,
				1EBD3281241126540064DC51 /* Triangle.m */,
			);
			path = ProtocolLab;
			sourceTree = "<group>";
		};
/* End PBXGroup section */

/* Begin PBXNativeTarget section */
		1ED13B6F240FDF1A0007730C /* ProtocolLab */ = {
			isa = PBXNativeTarget;
			buildConfigurationList = 1ED13B81240FDF1D0007730C /* Build configuration list for PBXNativeTarget "ProtocolLab" */;
			buildPhases = (
				1ED13B6C240FDF1A0007730C /* Sources */,
				1ED13B6D240FDF1A0007730C /* Frameworks */,
				1ED13B6E240FDF1A0007730C /* Resources */,
			);
			buildRules = (
			);
			dependencies = (
			);
			name = ProtocolLab;
			productName = ProtocolLab;
			productReference = 1ED13B70240FDF1A0007730C /* ProtocolLab.app */;
			productType = "com.apple.product-type.application";
		};
/* End PBXNativeTarget section */

/* Begin PBXProject section */
		1ED13B68240FDF1A0007730C /* Project object */ = {
			isa = PBXProject;
			attributes = {
				LastUpgradeCheck = 1130;
				ORGANIZATIONNAME = ITI;
				TargetAttributes = {
					1ED13B6F240FDF1A0007730C = {
						CreatedOnToolsVersion = 11.3.1;
					};
				};
			};
			buildConfigurationList = 1ED13B6B240FDF1A0007730C /* Build configuration list for PBXProject "ProtocolLab" */;
			compatibilityVersion = "Xcode 9.3";
			developmentRegion = en;
			hasScannedForEncodings = 0;
			knownRegions = (
				en,
				Base,
			);
			mainGroup = 1ED13B67240FDF1A0007730C;
			productRefGroup = 1ED13B71240FDF1A0007730C /* Products */;
			projectDirPath = "";
			projectRoot = "";
			targets = (
				1ED13B6F240FDF1A0007730C /* ProtocolLab */,
			);
		};
/* End PBXProject section */

/* Begin PBXResourcesBuildPhase section */
		1ED13B6E240FDF1A0007730C /* Resources */ = {
			isa = PBXResourcesBuildPhase;
			buildActionMask = 2147483647;
			files = (
				1ED13B77240FDF1D0007730C /* Assets.xcassets in Resources */,
				1ED13B7A240FDF1D0007730C /* MainMenu.xib in Resources */,
			);
			runOnlyForDeploymentPostprocessing = 0;
		};
/* End PBXResourcesBuildPhase section */

/* Begin PBXSourcesBuildPhase section */
		1ED13B6C240FDF1A0007730C /* Sources */ = {
			isa = PBXSourcesBuildPhase;
			buildActionMask = 2147483647;
			files = (
				1ED13B7D240FDF1D0007730C /* main.m in Sources */,
				1ED13B75240FDF1A0007730C /* AppDelegate.m in Sources */,
				1ED13B87240FE06F0007730C /* Rectangle.m in Sources */,
				1EBD3282241126540064DC51 /* Triangle.m in Sources */,
			);
			runOnlyForDeploymentPostprocessing = 0;
		};
/* End PBXSourcesBuildPhase section */

/* Begin PBXVariantGroup section */
		1ED13B78240FDF1D0007730C /* MainMenu.xib */ = {
			isa = PBXVariantGroup;
			children = (
				1ED13B79240FDF1D0007730C /* Base */,
			);
			name = MainMenu.xib;
			sourceTree = "<group>";
		};
/* End PBXVariantGroup section */

/* Begin XCBuildConfiguration section */
		1ED13B7F240FDF1D0007730C /* Debug */ = {
			isa = XCBuildConfiguration;
			buildSettings = {
				ALWAYS_SEARCH_USER_PATHS = NO;
				CLANG_ANALYZER_NONNULL = YES;
				CLANG_ANALYZER_NUMBER_OBJECT_CONVERSION = YES_AGGRESSIVE;
				CLANG_CXX_LANGUAGE_STANDARD = "gnu++14";
				CLANG_CXX_LIBRARY = "libc++";
				CLANG_ENABLE_MODULES = YES;
				CLANG_ENABLE_OBJC_ARC = YES;
				CLANG_ENABLE_OBJC_WEAK = YES;
				CLANG_WARN_BLOCK_CAPTURE_AUTORELEASING = YES;
				CLANG_WARN_BOOL_CONVERSION = YES;
				CLANG_WARN_COMMA = YES;
				CLANG_WARN_CONSTANT_CONVERSION = YES;
				CLANG_WARN_DEPRECATED_OBJC_IMPLEMENTATIONS = YES;
				CLANG_WARN_DIRECT_OBJC_ISA_USAGE = YES_ERROR;
				CLANG_WARN_DOCUMENTATION_COMMENTS = YES;
				CLANG_WARN_EMPTY_BODY = YES;
				CLANG_WARN_ENUM_CONVERSION = YES;
				CLANG_WARN_INFINITE_RECURSION = YES;
				CLANG_WARN_INT_CONVERSION = YES;
				CLANG_WARN_NON_LITERAL_NULL_CONVERSION = YES;
				CLANG_WARN_OBJC_IMPLICIT_RETAIN_SELF = YES;
				CLANG_WARN_OBJC_LITERAL_CONVERSION = YES;
				CLANG_WARN_OBJC_ROOT_CLASS = YES_ERROR;
				CLANG_WARN_RANGE_LOOP_ANALYSIS = YES;
				CLANG_WARN_STRICT_PROTOTYPES = YES;
				CLANG_WARN_SUSPICIOUS_MOVE = YES;
				CLANG_WARN_UNGUARDED_AVAILABILITY = YES_AGGRESSIVE;
				CLANG_WARN_UNREACHABLE_CODE = YES;
				CLANG_WARN__DUPLICATE_METHOD_MATCH = YES;
				COPY_PHASE_STRIP = NO;
				DEBUG_INFORMATION_FORMAT = dwarf;
				ENABLE_STRICT_OBJC_MSGSEND = YES;
				ENABLE_TESTABILITY = YES;
				GCC_C_LANGUAGE_STANDARD = gnu11;
				GCC_DYNAMIC_NO_PIC = NO;
				GCC_NO_COMMON_BLOCKS = YES;
				GCC_OPTIMIZATION_LEVEL = 0;
				GCC_PREPROCESSOR_DEFINITIONS = (
					"DEBUG=1",
					"$(inherited)",
				);
				GCC_WARN_64_TO_32_BIT_CONVERSION = YES;
				GCC_WARN_ABOUT_RETURN_TYPE = YES_ERROR;
				GCC_WARN_UNDECLARED_SELECTOR = YES;
				GCC_WARN_UNINITIALIZED_AUTOS = YES_AGGRESSIVE;
				GCC_WARN_UNUSED_FUNCTION = YES;
				GCC_WARN_UNUSED_VARIABLE = YES;
				MACOSX_DEPLOYMENT_TARGET = 10.15;
				MTL_ENABLE_DEBUG_INFO = INCLUDE_SOURCE;
				MTL_FAST_MATH = YES;
				ONLY_ACTIVE_ARCH = YES;
				SDKROOT = macosx;
			};
			name = Debug;
		};
		1ED13B80240FDF1D0007730C /* Release */ = {
			isa = XCBuildConfiguration;
			buildSettings = {
				ALWAYS_SEARCH_USER_PATHS = NO;
				CLANG_ANALYZER_NONNULL = YES;
				CLANG_ANALYZER_NUMBER_OBJECT_CONVERSION = YES_AGGRESSIVE;
				CLANG_CXX_LANGUAGE_STANDARD = "gnu++14";
				CLANG_CXX_LIBRARY = "libc++";
				CLANG_ENABLE_MODULES = YES;
				CLANG_ENABLE_OBJC_ARC = YES;
				CLANG_ENABLE_OBJC_WEAK = YES;
				CLANG_WARN_BLOCK_CAPTURE_AUTORELEASING = YES;
				CLANG_WARN_BOOL_CONVERSION = YES;
				CLANG_WARN_COMMA = YES;
				CLANG_WARN_CONSTANT_CONVERSION = YES;
				CLANG_WARN_DEPRECATED_OBJC_IMPLEMENTATIONS = YES;
				CLANG_WARN_DIRECT_OBJC_ISA_USAGE = YES_ERROR;
				CLANG_WARN_DOCUMENTATION_COMMENTS = YES;
				CLANG_WARN_EMPTY_BODY = YES;
				CLANG_WARN_ENUM_CONVERSION = YES;
				CLANG_WARN_INFINITE_RECURSION = YES;
				CLANG_WARN_INT_CONVERSION = YES;
				CLANG_WARN_NON_LITERAL_NULL_CONVERSION = YES;
				CLANG_WARN_OBJC_IMPLICIT_RETAIN_SELF = YES;
				CLANG_WARN_OBJC_LITERAL_CONVERSION = YES;
				CLANG_WARN_OBJC_ROOT_CLASS = YES_ERROR;
				CLANG_WARN_RANGE_LOOP_ANALYSIS = YES;
				CLANG_WARN_STRICT_PROTOTYPES = YES;
				CLANG_WARN_SUSPICIOUS_MOVE = YES;
				CLANG_WARN_UNGUARDED_AVAILABILITY = YES_AGGRESSIVE;
				CLANG_WARN_UNREACHABLE_CODE = YES;
				CLANG_WARN__DUPLICATE_METHOD_MATCH = YES;
				COPY_PHASE_STRIP = NO;
				DEBUG_INFORMATION_FORMAT = "dwarf-with-dsym";
				ENABLE_NS_ASSERTIONS = NO;
				ENABLE_STRICT_OBJC_MSGSEND = YES;
				GCC_C_LANGUAGE_STANDARD = gnu11;
				GCC_NO_COMMON_BLOCKS = YES;
				GCC_WARN_64_TO_32_BIT_CONVERSION = YES;
				GCC_WARN_ABOUT_RETURN_TYPE = YES_ERROR;
				GCC_WARN_UNDECLARED_SELECTOR = YES;
				GCC_WARN_UNINITIALIZED_AUTOS = YES_AGGRESSIVE;
				GCC_WARN_UNUSED_FUNCTION = YES;
				GCC_WARN_UNUSED_VARIABLE = YES;
				MACOSX_DEPLOYMENT_TARGET = 10.15;
				MTL_ENABLE_DEBUG_INFO = NO;
				MTL_FAST_MATH = YES;
				SDKROOT = macosx;
			};
			name = Release;
		};
		1ED13B82240FDF1D0007730C /* Debug */ = {
			isa = XCBuildConfiguration;
			buildSettings = {
				ASSETCATALOG_COMPILER_APPICON_NAME = AppIcon;
				CODE_SIGN_ENTITLEMENTS = ProtocolLab/ProtocolLab.entitlements;
				CODE_SIGN_STYLE = Automatic;
				COMBINE_HIDPI_IMAGES = YES;
				INFOPLIST_FILE = ProtocolLab/Info.plist;
				LD_RUNPATH_SEARCH_PATHS = (
					"$(inherited)",
					"@executable_path/../Frameworks",
				);
				PRODUCT_BUNDLE_IDENTIFIER = JETS.ProtocolLab;
				PRODUCT_NAME = "$(TARGET_NAME)";
			};
			name = Debug;
		};
		1ED13B83240FDF1D0007730C /* Release */ = {
			isa = XCBuildConfiguration;
			buildSettings = {
				ASSETCATALOG_COMPILER_APPICON_NAME = AppIcon;
				CODE_SIGN_ENTITLEMENTS = ProtocolLab/ProtocolLab.entitlements;
				CODE_SIGN_STYLE = Automatic;
				COMBINE_HIDPI_IMAGES = YES;
				INFOPLIST_FILE = ProtocolLab/Info.plist;
				LD_RUNPATH_SEARCH_PATHS = (
					"$(inherited)",
					"@executable_path/../Frameworks",
				);
				PRODUCT_BUNDLE_IDENTIFIER = JETS.ProtocolLab;
				PRODUCT_NAME = "$(TARGET_NAME)";
			};
			name = Release;
		};
/* End XCBuildConfiguration section */

/* Begin XCConfigurationList section */
		1ED13B6B240FDF1A0007730C /* Build configuration list for PBXProject "ProtocolLab" */ = {
			isa = XCConfigurationList;
			buildConfigurations = (
				1ED13B7F240FDF1D0007730C /* Debug */,
				1ED13B80240FDF1D0007730C /* Release */,
			);
			defaultConfigurationIsVisible = 0;
			defaultConfigurationName = Release;
		};
		1ED13B81240FDF1D0007730C /* Build configuration list for PBXNativeTarget "ProtocolLab" */ = {
			isa = XCConfigurationList;
			buildConfigurations = (
				1ED13B82240FDF1D0007730C /* Debug */,
				1ED13B83240FDF1D0007730C /* Release */,
			);
			defaultConfigurationIsVisible = 0;
			defaultConfigurationName = Release;
		};
/* End XCConfigurationList section */
	};
	rootObject = 1ED13B68240FDF1A0007730C /* Project object */;
}
